
Microsoft Visual Studio Solution File, Format Version 12.00
# Visual Studio 2012
Project("{FAE04EC0-301F-11D3-BF4B-00C04F79EFBC}") = "HelloPluralsight", "HelloPluralsight\HelloPluralsight.csproj", "{43D3A4D1-5E4E-44EA-9351-2A5B540DDADD}"
EndProject
Project("{FAE04EC0-301F-11D3-BF4B-00C04F79EFBC}") = "HelloPluralsight.iOS", "iOS\HelloPluralsight.iOS.csproj", "{9E058B29-3902-45F8-82DA-90F7D3FC75CE}"
EndProject
Project("{FAE04EC0-301F-11D3-BF4B-00C04F79EFBC}") = "HelloPluralsight.Droid", "Droid\HelloPluralsight.Droid.csproj", "{8F9AE76E-6F04-4ABD-AA1D-40D356D80769}"
EndProject
Global
	GlobalSection(SolutionConfigurationPlatforms) = preSolution
		Debug|Any CPU = Debug|Any CPU
		Release|Any CPU = Release|Any CPU
		Debug|iPhoneSimulator = Debug|iPhoneSimulator
		Release|iPhone = Release|iPhone
		Release|iPhoneSimulator = Release|iPhoneSimulator
		Debug|iPhone = Debug|iPhone
	EndGlobalSection
	GlobalSection(ProjectConfigurationPlatforms) = postSolution
		{43D3A4D1-5E4E-44EA-9351-2A5B540DDADD}.Debug|Any CPU.ActiveCfg = Debug|Any CPU
		{43D3A4D1-5E4E-44EA-9351-2A5B540DDADD}.Debug|Any CPU.Build.0 = Debug|Any CPU
		{43D3A4D1-5E4E-44EA-9351-2A5B540DDADD}.Debug|iPhone.ActiveCfg = Debug|Any CPU
		{43D3A4D1-5E4E-44EA-9351-2A5B540DDADD}.Debug|iPhone.Build.0 = Debug|Any CPU
		{43D3A4D1-5E4E-44EA-9351-2A5B540DDADD}.Debug|iPhoneSimulator.ActiveCfg = Debug|Any CPU
		{43D3A4D1-5E4E-44EA-9351-2A5B540DDADD}.Debug|iPhoneSimulator.Build.0 = Debug|Any CPU
		{43D3A4D1-5E4E-44EA-9351-2A5B540DDADD}.Release|Any CPU.ActiveCfg = Release|Any CPU
		{43D3A4D1-5E4E-44EA-9351-2A5B540DDADD}.Release|Any CPU.Build.0 = Release|Any CPU
		{43D3A4D1-5E4E-44EA-9351-2A5B540DDADD}.Release|iPhone.ActiveCfg = Release|Any CPU
		{43D3A4D1-5E4E-44EA-9351-2A5B540DDADD}.Release|iPhone.Build.0 = Release|Any CPU
		{43D3A4D1-5E4E-44EA-9351-2A5B540DDADD}.Release|iPhoneSimulator.ActiveCfg = Release|Any CPU
		{43D3A4D1-5E4E-44EA-9351-2A5B540DDADD}.Release|iPhoneSimulator.Build.0 = Release|Any CPU
		{8F9AE76E-6F04-4ABD-AA1D-40D356D80769}.Debug|Any CPU.ActiveCfg = Debug|Any CPU
		{8F9AE76E-6F04-4ABD-AA1D-40D356D80769}.Debug|Any CPU.Build.0 = Debug|Any CPU
		{8F9AE76E-6F04-4ABD-AA1D-40D356D80769}.Debug|iPhone.ActiveCfg = Debug|Any CPU
		{8F9AE76E-6F04-4ABD-AA1D-40D356D80769}.Debug|iPhone.Build.0 = Debug|Any CPU
		{8F9AE76E-6F04-4ABD-AA1D-40D356D80769}.Debug|iPhoneSimulator.ActiveCfg = Debug|Any CPU
		{8F9AE76E-6F04-4ABD-AA1D-40D356D80769}.Debug|iPhoneSimulator.Build.0 = Debug|Any CPU
		{8F9AE76E-6F04-4ABD-AA1D-40D356D80769}.Release|Any CPU.ActiveCfg = Release|Any CPU
		{8F9AE76E-6F04-4ABD-AA1D-40D356D80769}.Release|Any CPU.Build.0 = Release|Any CPU
		{8F9AE76E-6F04-4ABD-AA1D-40D356D80769}.Release|iPhone.ActiveCfg = Release|Any CPU
		{8F9AE76E-6F04-4ABD-AA1D-40D356D80769}.Release|iPhone.Build.0 = Release|Any CPU
		{8F9AE76E-6F04-4ABD-AA1D-40D356D80769}.Release|iPhoneSimulator.ActiveCfg = Release|Any CPU
		{8F9AE76E-6F04-4ABD-AA1D-40D356D80769}.Release|iPhoneSimulator.Build.0 = Release|Any CPU
		{9E058B29-3902-45F8-82DA-90F7D3FC75CE}.Debug|Any CPU.ActiveCfg = Debug|iPhoneSimulator
		{9E058B29-3902-45F8-82DA-90F7D3FC75CE}.Debug|Any CPU.Build.0 = Debug|iPhoneSimulator
		{9E058B29-3902-45F8-82DA-90F7D3FC75CE}.Debug|iPhone.ActiveCfg = Debug|iPhone
		{9E058B29-3902-45F8-82DA-90F7D3FC75CE}.Debug|iPhone.Build.0 = Debug|iPhone
		{9E058B29-3902-45F8-82DA-90F7D3FC75CE}.Debug|iPhoneSimulator.ActiveCfg = Debug|iPhoneSimulator
		{9E058B29-3902-45F8-82DA-90F7D3FC75CE}.Debug|iPhoneSimulator.Build.0 = Debug|iPhoneSimulator
		{9E058B29-3902-45F8-82DA-90F7D3FC75CE}.Release|Any CPU.ActiveCfg = Release|iPhone
		{9E058B29-3902-45F8-82DA-90F7D3FC75CE}.Release|Any CPU.Build.0 = Release|iPhone
		{9E058B29-3902-45F8-82DA-90F7D3FC75CE}.Release|iPhone.ActiveCfg = Release|iPhone
		{9E058B29-3902-45F8-82DA-90F7D3FC75CE}.Release|iPhone.Build.0 = Release|iPhone
		{9E058B29-3902-45F8-82DA-90F7D3FC75CE}.Release|iPhoneSimulator.ActiveCfg = Release|iPhoneSimulator
		{9E058B29-3902-45F8-82DA-90F7D3FC75CE}.Release|iPhoneSimulator.Build.0 = Release|iPhoneSimulator
	EndGlobalSection
EndGlobal
